
Microsoft Visual Studio Solution File, Format Version 12.00
# Visual Studio Version 16
VisualStudioVersion = 16.0.30717.126
MinimumVisualStudioVersion = 10.0.40219.1
Project("{FAE04EC0-301F-11D3-BF4B-00C04F79EFBC}") = "Task6", "Task6\Task6.csproj", "{DE83DA63-E7A6-4C61-B7B5-5363C6EBC927}"
EndProject
Global
	GlobalSection(SolutionConfigurationPlatforms) = preSolution
		Debug|Any CPU = Debug|Any CPU
		Release|Any CPU = Release|Any CPU
	EndGlobalSection
	GlobalSection(ProjectConfigurationPlatforms) = postSolution
		{DE83DA63-E7A6-4C61-B7B5-5363C6EBC927}.Debug|Any CPU.ActiveCfg = Debug|Any CPU
		{DE83DA63-E7A6-4C61-B7B5-5363C6EBC927}.Debug|Any CPU.Build.0 = Debug|Any CPU
		{DE83DA63-E7A6-4C61-B7B5-5363C6EBC927}.Release|Any CPU.ActiveCfg = Release|Any CPU
		{DE83DA63-E7A6-4C61-B7B5-5363C6EBC927}.Release|Any CPU.Build.0 = Release|Any CPU
	EndGlobalSection
	GlobalSection(SolutionProperties) = preSolution
		HideSolutionNode = FALSE
	EndGlobalSection
	GlobalSection(ExtensibilityGlobals) = postSolution
		SolutionGuid = {B69DA24F-4E65-4156-A79D-07184F87166B}
	EndGlobalSection
EndGlobal
