
Microsoft Visual Studio Solution File, Format Version 12.00
# Visual Studio Version 16
VisualStudioVersion = 16.0.30717.126
MinimumVisualStudioVersion = 10.0.40219.1
Project("{FAE04EC0-301F-11D3-BF4B-00C04F79EFBC}") = "Task2", "Task2\Task2.csproj", "{6C1BEB2C-82F9-4030-91D7-4A73EA1E886A}"
EndProject
Global
	GlobalSection(SolutionConfigurationPlatforms) = preSolution
		Debug|Any CPU = Debug|Any CPU
		Release|Any CPU = Release|Any CPU
	EndGlobalSection
	GlobalSection(ProjectConfigurationPlatforms) = postSolution
		{6C1BEB2C-82F9-4030-91D7-4A73EA1E886A}.Debug|Any CPU.ActiveCfg = Debug|Any CPU
		{6C1BEB2C-82F9-4030-91D7-4A73EA1E886A}.Debug|Any CPU.Build.0 = Debug|Any CPU
		{6C1BEB2C-82F9-4030-91D7-4A73EA1E886A}.Release|Any CPU.ActiveCfg = Release|Any CPU
		{6C1BEB2C-82F9-4030-91D7-4A73EA1E886A}.Release|Any CPU.Build.0 = Release|Any CPU
	EndGlobalSection
	GlobalSection(SolutionProperties) = preSolution
		HideSolutionNode = FALSE
	EndGlobalSection
	GlobalSection(ExtensibilityGlobals) = postSolution
		SolutionGuid = {8595AE5D-FE9B-4A6A-BB9E-8DFDC26A8E15}
	EndGlobalSection
EndGlobal
